
Microsoft Visual Studio Solution File, Format Version 12.00
Project("{FAE04EC0-301F-11D3-BF4B-00C04F79EFBC}") = "Shared.Domain", "Shared.Domain\Shared.Domain.csproj", "{6498F447-F9FD-4725-A796-30E5329AC75E}"
EndProject
Project("{2150E333-8FDC-42A3-9474-1A3956D46DE8}") = "Root", "Root", "{FEA86A47-D536-485F-AC48-DC1E7563BCC0}"
	ProjectSection(SolutionItems) = preProject
		.editorconfig = .editorconfig
		.gitignore = .gitignore
		LICENSE = LICENSE
		README.md = README.md
	EndProjectSection
EndProject
Project("{FAE04EC0-301F-11D3-BF4B-00C04F79EFBC}") = "Shared.Application", "Shared.Application\Shared.Application.csproj", "{86E44AF8-A941-4AC5-A508-D512A4B699A4}"
EndProject
Global
	GlobalSection(SolutionConfigurationPlatforms) = preSolution
		Debug|Any CPU = Debug|Any CPU
		Release|Any CPU = Release|Any CPU
	EndGlobalSection
	GlobalSection(ProjectConfigurationPlatforms) = postSolution
		{6498F447-F9FD-4725-A796-30E5329AC75E}.Debug|Any CPU.ActiveCfg = Debug|Any CPU
		{6498F447-F9FD-4725-A796-30E5329AC75E}.Debug|Any CPU.Build.0 = Debug|Any CPU
		{6498F447-F9FD-4725-A796-30E5329AC75E}.Release|Any CPU.ActiveCfg = Release|Any CPU
		{6498F447-F9FD-4725-A796-30E5329AC75E}.Release|Any CPU.Build.0 = Release|Any CPU
		{86E44AF8-A941-4AC5-A508-D512A4B699A4}.Debug|Any CPU.ActiveCfg = Debug|Any CPU
		{86E44AF8-A941-4AC5-A508-D512A4B699A4}.Debug|Any CPU.Build.0 = Debug|Any CPU
		{86E44AF8-A941-4AC5-A508-D512A4B699A4}.Release|Any CPU.ActiveCfg = Release|Any CPU
		{86E44AF8-A941-4AC5-A508-D512A4B699A4}.Release|Any CPU.Build.0 = Release|Any CPU
	EndGlobalSection
EndGlobal
